{
    "_meta": {
        "hash": {
            "sha256": "2af6ae2c611e6b04cbe223baaf1a7160077833b65b649e579c776888a9a358b5"
        },
        "pipfile-spec": 6,
        "requires": {
            "python_full_version": "3.9.10",
            "python_version": "3.9"
        },
        "sources": [
            {
                "name": "pypi",
                "url": "https://pypi.org/simple",
                "verify_ssl": true
            }
        ]
    },
    "default": {
        "joblib": {
            "hashes": [
                "sha256:091138ed78f800342968c523bdde947e7a305b8594b910a0fea2ab83c3c6d385",
                "sha256:e1cee4a79e4af22881164f218d4311f60074197fb707e082e803b61f6d137018"
            ],
            "index": "pypi",
            "version": "==1.2.0"
        },
        "sklearn": {
            "hashes": [
                "sha256:76b9ed1623775168657b86b5fe966d45752e5c87f528de6240c38923b94147c5"
            ],
            "index": "pypi",
            "version": "==0.0.post1"
        }
    },
    "develop": {}
}
